
Microsoft Visual Studio Solution File, Format Version 12.00
# Visual Studio Version 17
VisualStudioVersion = 17.0.31919.166
MinimumVisualStudioVersion = 10.0.40219.1
Project("{9A19103F-16F7-4668-BE54-9A1E7A4F7556}") = "FESight", "FESight.csproj", "{C7D994DF-B72C-469E-9C88-5D7518C7412F}"
EndProject
Project("{FAE04EC0-301F-11D3-BF4B-00C04F79EFBC}") = "Tests", "..\Tests\Tests.csproj", "{7C7D9C60-F783-4546-8D4B-307BA35C0884}"
EndProject
Global
	GlobalSection(SolutionConfigurationPlatforms) = preSolution
		Debug|Any CPU = Debug|Any CPU
		Release|Any CPU = Release|Any CPU
	EndGlobalSection
	GlobalSection(ProjectConfigurationPlatforms) = postSolution
		{C7D994DF-B72C-469E-9C88-5D7518C7412F}.Debug|Any CPU.ActiveCfg = Debug|Any CPU
		{C7D994DF-B72C-469E-9C88-5D7518C7412F}.Debug|Any CPU.Build.0 = Debug|Any CPU
		{C7D994DF-B72C-469E-9C88-5D7518C7412F}.Release|Any CPU.ActiveCfg = Release|Any CPU
		{C7D994DF-B72C-469E-9C88-5D7518C7412F}.Release|Any CPU.Build.0 = Release|Any CPU
		{7C7D9C60-F783-4546-8D4B-307BA35C0884}.Debug|Any CPU.ActiveCfg = Debug|Any CPU
		{7C7D9C60-F783-4546-8D4B-307BA35C0884}.Debug|Any CPU.Build.0 = Debug|Any CPU
		{7C7D9C60-F783-4546-8D4B-307BA35C0884}.Release|Any CPU.ActiveCfg = Release|Any CPU
		{7C7D9C60-F783-4546-8D4B-307BA35C0884}.Release|Any CPU.Build.0 = Release|Any CPU
	EndGlobalSection
	GlobalSection(SolutionProperties) = preSolution
		HideSolutionNode = FALSE
	EndGlobalSection
	GlobalSection(ExtensibilityGlobals) = postSolution
		SolutionGuid = {E6E44C49-C878-4EA9-946A-DB0D325D47A6}
	EndGlobalSection
EndGlobal
